
Microsoft Visual Studio Solution File, Format Version 12.00
# Visual Studio 15
VisualStudioVersion = 15.0.26403.3
MinimumVisualStudioVersion = 10.0.40219.1
Project("{FAE04EC0-301F-11D3-BF4B-00C04F79EFBC}") = "SchoolAttendanceWPF", "SchoolAttendanceWPF\SchoolAttendanceWPF.csproj", "{CA9D2E7D-813B-4B0A-B8A9-A79A14DBC80A}"
EndProject
Project("{FAE04EC0-301F-11D3-BF4B-00C04F79EFBC}") = "AttendanceModels", "AttendanceModels\AttendanceModels.csproj", "{077FE626-5C86-4D44-931C-043C4FC56E55}"
EndProject
Global
	GlobalSection(SolutionConfigurationPlatforms) = preSolution
		Debug|Any CPU = Debug|Any CPU
		Release|Any CPU = Release|Any CPU
	EndGlobalSection
	GlobalSection(ProjectConfigurationPlatforms) = postSolution
		{CA9D2E7D-813B-4B0A-B8A9-A79A14DBC80A}.Debug|Any CPU.ActiveCfg = Debug|Any CPU
		{CA9D2E7D-813B-4B0A-B8A9-A79A14DBC80A}.Debug|Any CPU.Build.0 = Debug|Any CPU
		{CA9D2E7D-813B-4B0A-B8A9-A79A14DBC80A}.Release|Any CPU.ActiveCfg = Release|Any CPU
		{CA9D2E7D-813B-4B0A-B8A9-A79A14DBC80A}.Release|Any CPU.Build.0 = Release|Any CPU
		{077FE626-5C86-4D44-931C-043C4FC56E55}.Debug|Any CPU.ActiveCfg = Debug|Any CPU
		{077FE626-5C86-4D44-931C-043C4FC56E55}.Debug|Any CPU.Build.0 = Debug|Any CPU
		{077FE626-5C86-4D44-931C-043C4FC56E55}.Release|Any CPU.ActiveCfg = Release|Any CPU
		{077FE626-5C86-4D44-931C-043C4FC56E55}.Release|Any CPU.Build.0 = Release|Any CPU
	EndGlobalSection
	GlobalSection(SolutionProperties) = preSolution
		HideSolutionNode = FALSE
	EndGlobalSection
EndGlobal
